{
  "name": "entry",
  "lockfileVersion": 2,
  "requires": true,
  "packages": {
    "": {
      "dependencies": {
        "@hw-agconnect/lowcode-harmony": "~1.1.0-beta"
      }
    },
    "node_modules/@hw-agconnect/core-harmony": {
      "version": "1.2.0",
      "resolved": "https://mirrors.tools.huawei.com/npm/@hw-agconnect/core-harmony/-/core-harmony-1.2.0.tgz",
      "integrity": "sha512-SKEEl49l5qxNqgen19QUJsFysH4I3GbE34jS4XmzQZcLwB6IAclDlSDmRDG6Ih8CcVq+dpsZuiEwqZ8FTJfckQ==",
      "license": "ISC",
      "dependencies": {
        "@hw-agconnect/core-types-harmony": "1.2.0"
      }
    },
    "node_modules/@hw-agconnect/core-types-harmony": {
      "version": "1.2.0",
      "resolved": "https://mirrors.tools.huawei.com/npm/@hw-agconnect/core-types-harmony/-/core-types-harmony-1.2.0.tgz",
      "integrity": "sha512-tpV5o0S37XeR6rkP2cUwTc+6e6Gg9LwkX7yz8TZAa20OlkmZLLFg0FibOHgZ4z1aCZ/j55bFKLl02ZCAp+t6wA==",
      "license": "ISC"
    },
    "node_modules/@hw-agconnect/lowcode-harmony": {
      "version": "1.1.0",
      "resolved": "https://mirrors.tools.huawei.com/npm/@hw-agconnect/lowcode-harmony/-/lowcode-harmony-1.1.0.tgz",
      "integrity": "sha512-cSc0rTlQWYuo/Yf2H8dklGtpJBwb/mtCI3cCyYnbKZ0vZGoT8+wn9Mn7VdpqWHcyc9Huimxq3H8r6NX7y2YmZg==",
      "license": "ISC",
      "dependencies": {
        "@hw-agconnect/core-harmony": "^1.1.0",
        "@hw-agconnect/lowcode-types-harmony": "1.1.0"
      }
    },
    "node_modules/@hw-agconnect/lowcode-types-harmony": {
      "version": "1.1.0",
      "resolved": "https://mirrors.tools.huawei.com/npm/@hw-agconnect/lowcode-types-harmony/-/lowcode-types-harmony-1.1.0.tgz",
      "integrity": "sha512-VZ+/Vz/E68zq4vWlUzEL/heSb86aqhm0B9dtezFYQR1dVvbg2v0VnJ57RP5Xpuu4IMksiNqHnOvoZ9n51llaOg==",
      "license": "ISC"
    }
  },
  "dependencies": {
    "@hw-agconnect/core-harmony": {
      "version": "1.2.0",
      "resolved": "https://mirrors.tools.huawei.com/npm/@hw-agconnect/core-harmony/-/core-harmony-1.2.0.tgz",
      "integrity": "sha512-SKEEl49l5qxNqgen19QUJsFysH4I3GbE34jS4XmzQZcLwB6IAclDlSDmRDG6Ih8CcVq+dpsZuiEwqZ8FTJfckQ==",
      "requires": {
        "@hw-agconnect/core-types-harmony": "1.2.0"
      }
    },
    "@hw-agconnect/core-types-harmony": {
      "version": "1.2.0",
      "resolved": "https://mirrors.tools.huawei.com/npm/@hw-agconnect/core-types-harmony/-/core-types-harmony-1.2.0.tgz",
      "integrity": "sha512-tpV5o0S37XeR6rkP2cUwTc+6e6Gg9LwkX7yz8TZAa20OlkmZLLFg0FibOHgZ4z1aCZ/j55bFKLl02ZCAp+t6wA=="
    },
    "@hw-agconnect/lowcode-harmony": {
      "version": "1.1.0",
      "resolved": "https://mirrors.tools.huawei.com/npm/@hw-agconnect/lowcode-harmony/-/lowcode-harmony-1.1.0.tgz",
      "integrity": "sha512-cSc0rTlQWYuo/Yf2H8dklGtpJBwb/mtCI3cCyYnbKZ0vZGoT8+wn9Mn7VdpqWHcyc9Huimxq3H8r6NX7y2YmZg==",
      "requires": {
        "@hw-agconnect/core-harmony": "^1.1.0",
        "@hw-agconnect/lowcode-types-harmony": "1.1.0"
      }
    },
    "@hw-agconnect/lowcode-types-harmony": {
      "version": "1.1.0",
      "resolved": "https://mirrors.tools.huawei.com/npm/@hw-agconnect/lowcode-types-harmony/-/lowcode-types-harmony-1.1.0.tgz",
      "integrity": "sha512-VZ+/Vz/E68zq4vWlUzEL/heSb86aqhm0B9dtezFYQR1dVvbg2v0VnJ57RP5Xpuu4IMksiNqHnOvoZ9n51llaOg=="
    }
  }
}
